
Microsoft Visual Studio Solution File, Format Version 12.00
Project("{FAE04EC0-301F-11D3-BF4B-00C04F79EFBC}") = "RocketFollow", "RocketFollow\RocketFollow.csproj", "{DDD0E276-B512-40EC-82E6-96FF14E7081D}"
EndProject
Global
	GlobalSection(SolutionConfigurationPlatforms) = preSolution
		Debug|Any CPU = Debug|Any CPU
		Release|Any CPU = Release|Any CPU
	EndGlobalSection
	GlobalSection(ProjectConfigurationPlatforms) = postSolution
		{DDD0E276-B512-40EC-82E6-96FF14E7081D}.Debug|Any CPU.ActiveCfg = Debug|Any CPU
		{DDD0E276-B512-40EC-82E6-96FF14E7081D}.Debug|Any CPU.Build.0 = Debug|Any CPU
		{DDD0E276-B512-40EC-82E6-96FF14E7081D}.Release|Any CPU.ActiveCfg = Release|Any CPU
		{DDD0E276-B512-40EC-82E6-96FF14E7081D}.Release|Any CPU.Build.0 = Release|Any CPU
	EndGlobalSection
EndGlobal
